
Microsoft Visual Studio Solution File, Format Version 12.00
# Visual Studio Version 17
VisualStudioVersion = 17.9.34723.18
MinimumVisualStudioVersion = 10.0.40219.1
Project("{FAE04EC0-301F-11D3-BF4B-00C04F79EFBC}") = "DocLocationFinder-netcore", "DocLocationFinder-netcore.csproj", "{097B4DFC-9AD5-4F31-B16C-4F1EBEB033BB}"
EndProject
Global
	GlobalSection(SolutionConfigurationPlatforms) = preSolution
		Debug|Any CPU = Debug|Any CPU
		Release|Any CPU = Release|Any CPU
	EndGlobalSection
	GlobalSection(ProjectConfigurationPlatforms) = postSolution
		{097B4DFC-9AD5-4F31-B16C-4F1EBEB033BB}.Debug|Any CPU.ActiveCfg = Debug|Any CPU
		{097B4DFC-9AD5-4F31-B16C-4F1EBEB033BB}.Debug|Any CPU.Build.0 = Debug|Any CPU
		{097B4DFC-9AD5-4F31-B16C-4F1EBEB033BB}.Release|Any CPU.ActiveCfg = Release|Any CPU
		{097B4DFC-9AD5-4F31-B16C-4F1EBEB033BB}.Release|Any CPU.Build.0 = Release|Any CPU
	EndGlobalSection
	GlobalSection(SolutionProperties) = preSolution
		HideSolutionNode = FALSE
	EndGlobalSection
	GlobalSection(ExtensibilityGlobals) = postSolution
		SolutionGuid = {2BB35CB8-71C7-4EA6-9961-AE1D50687270}
	EndGlobalSection
EndGlobal
